// !$*UTF8*$!
{
	archiveVersion = 1;
	classes = {
	};
	objectVersion = 50;
	objects = {

/* Begin PBXBuildFile section */
		29B146652628FDE900B64133 /* AppDelegate.swift in Sources */ = {isa = PBXBuildFile; fileRef = 29B146642628FDE900B64133 /* AppDelegate.swift */; };
		29B146672628FDE900B64133 /* SceneDelegate.swift in Sources */ = {isa = PBXBuildFile; fileRef = 29B146662628FDE900B64133 /* SceneDelegate.swift */; };
		29B146692628FDE900B64133 /* ContentView.swift in Sources */ = {isa = PBXBuildFile; fileRef = 29B146682628FDE900B64133 /* ContentView.swift */; };
		29B1466B2628FDEA00B64133 /* Assets.xcassets in Resources */ = {isa = PBXBuildFile; fileRef = 29B1466A2628FDEA00B64133 /* Assets.xcassets */; };
		29B1466E2628FDEA00B64133 /* Preview Assets.xcassets in Resources */ = {isa = PBXBuildFile; fileRef = 29B1466D2628FDEA00B64133 /* Preview Assets.xcassets */; };
		29B146712628FDEA00B64133 /* LaunchScreen.storyboard in Resources */ = {isa = PBXBuildFile; fileRef = 29B1466F2628FDEA00B64133 /* LaunchScreen.storyboard */; };
		29B1467C2628FDEA00B64133 /* Hacker_NewsTests.swift in Sources */ = {isa = PBXBuildFile; fileRef = 29B1467B2628FDEA00B64133 /* Hacker_NewsTests.swift */; };
		29B146872628FDEB00B64133 /* Hacker_NewsUITests.swift in Sources */ = {isa = PBXBuildFile; fileRef = 29B146862628FDEB00B64133 /* Hacker_NewsUITests.swift */; };
/* End PBXBuildFile section */

/* Begin PBXContainerItemProxy section */
		29B146782628FDEA00B64133 /* PBXContainerItemProxy */ = {
			isa = PBXContainerItemProxy;
			containerPortal = 29B146592628FDE900B64133 /* Project object */;
			proxyType = 1;
			remoteGlobalIDString = 29B146602628FDE900B64133;
			remoteInfo = "Hacker News";
		};
		29B146832628FDEA00B64133 /* PBXContainerItemProxy */ = {
			isa = PBXContainerItemProxy;
			containerPortal = 29B146592628FDE900B64133 /* Project object */;
			proxyType = 1;
			remoteGlobalIDString = 29B146602628FDE900B64133;
			remoteInfo = "Hacker News";
		};
/* End PBXContainerItemProxy section */

/* Begin PBXFileReference section */
		29B146612628FDE900B64133 /* Hacker News.app */ = {isa = PBXFileReference; explicitFileType = wrapper.application; includeInIndex = 0; path = "Hacker News.app"; sourceTree = BUILT_PRODUCTS_DIR; };
		29B146642628FDE900B64133 /* AppDelegate.swift */ = {isa = PBXFileReference; lastKnownFileType = sourcecode.swift; path = AppDelegate.swift; sourceTree = "<group>"; };
		29B146662628FDE900B64133 /* SceneDelegate.swift */ = {isa = PBXFileReference; lastKnownFileType = sourcecode.swift; path = SceneDelegate.swift; sourceTree = "<group>"; };
		29B146682628FDE900B64133 /* ContentView.swift */ = {isa = PBXFileReference; lastKnownFileType = sourcecode.swift; path = ContentView.swift; sourceTree = "<group>"; };
		29B1466A2628FDEA00B64133 /* Assets.xcassets */ = {isa = PBXFileReference; lastKnownFileType = folder.assetcatalog; path = Assets.xcassets; sourceTree = "<group>"; };
		29B1466D2628FDEA00B64133 /* Preview Assets.xcassets */ = {isa = PBXFileReference; lastKnownFileType = folder.assetcatalog; path = "Preview Assets.xcassets"; sourceTree = "<group>"; };
		29B146702628FDEA00B64133 /* Base */ = {isa = PBXFileReference; lastKnownFileType = file.storyboard; name = Base; path = Base.lproj/LaunchScreen.storyboard; sourceTree = "<group>"; };
		29B146722628FDEA00B64133 /* Info.plist */ = {isa = PBXFileReference; lastKnownFileType = text.plist.xml; path = Info.plist; sourceTree = "<group>"; };
		29B146772628FDEA00B64133 /* Hacker NewsTests.xctest */ = {isa = PBXFileReference; explicitFileType = wrapper.cfbundle; includeInIndex = 0; path = "Hacker NewsTests.xctest"; sourceTree = BUILT_PRODUCTS_DIR; };
		29B1467B2628FDEA00B64133 /* Hacker_NewsTests.swift */ = {isa = PBXFileReference; lastKnownFileType = sourcecode.swift; path = Hacker_NewsTests.swift; sourceTree = "<group>"; };
		29B1467D2628FDEA00B64133 /* Info.plist */ = {isa = PBXFileReference; lastKnownFileType = text.plist.xml; path = Info.plist; sourceTree = "<group>"; };
		29B146822628FDEA00B64133 /* Hacker NewsUITests.xctest */ = {isa = PBXFileReference; explicitFileType = wrapper.cfbundle; includeInIndex = 0; path = "Hacker NewsUITests.xctest"; sourceTree = BUILT_PRODUCTS_DIR; };
		29B146862628FDEB00B64133 /* Hacker_NewsUITests.swift */ = {isa = PBXFileReference; lastKnownFileType = sourcecode.swift; path = Hacker_NewsUITests.swift; sourceTree = "<group>"; };
		29B146882628FDEB00B64133 /* Info.plist */ = {isa = PBXFileReference; lastKnownFileType = text.plist.xml; path = Info.plist; sourceTree = "<group>"; };
/* End PBXFileReference section */

/* Begin PBXFrameworksBuildPhase section */
		29B1465E2628FDE900B64133 /* Frameworks */ = {
			isa = PBXFrameworksBuildPhase;
			buildActionMask = 2147483647;
			files = (
			);
			runOnlyForDeploymentPostprocessing = 0;
		};
		29B146742628FDEA00B64133 /* Frameworks */ = {
			isa = PBXFrameworksBuildPhase;
			buildActionMask = 2147483647;
			files = (
			);
			runOnlyForDeploymentPostprocessing = 0;
		};
		29B1467F2628FDEA00B64133 /* Frameworks */ = {
			isa = PBXFrameworksBuildPhase;
			buildActionMask = 2147483647;
			files = (
			);
			runOnlyForDeploymentPostprocessing = 0;
		};
/* End PBXFrameworksBuildPhase section */

/* Begin PBXGroup section */
		29B146582628FDE900B64133 = {
			isa = PBXGroup;
			children = (
				29B146632628FDE900B64133 /* Hacker News */,
				29B1467A2628FDEA00B64133 /* Hacker NewsTests */,
				29B146852628FDEB00B64133 /* Hacker NewsUITests */,
				29B146622628FDE900B64133 /* Products */,
			);
			sourceTree = "<group>";
		};
		29B146622628FDE900B64133 /* Products */ = {
			isa = PBXGroup;
			children = (
				29B146612628FDE900B64133 /* Hacker News.app */,
				29B146772628FDEA00B64133 /* Hacker NewsTests.xctest */,
				29B146822628FDEA00B64133 /* Hacker NewsUITests.xctest */,
			);
			name = Products;
			sourceTree = "<group>";
		};
		29B146632628FDE900B64133 /* Hacker News */ = {
			isa = PBXGroup;
			children = (
				29B146642628FDE900B64133 /* AppDelegate.swift */,
				29B146662628FDE900B64133 /* SceneDelegate.swift */,
				29B146682628FDE900B64133 /* ContentView.swift */,
				29B1466A2628FDEA00B64133 /* Assets.xcassets */,
				29B1466F2628FDEA00B64133 /* LaunchScreen.storyboard */,
				29B146722628FDEA00B64133 /* Info.plist */,
				29B1466C2628FDEA00B64133 /* Preview Content */,
			);
			path = "Hacker News";
			sourceTree = "<group>";
		};
		29B1466C2628FDEA00B64133 /* Preview Content */ = {
			isa = PBXGroup;
			children = (
				29B1466D2628FDEA00B64133 /* Preview Assets.xcassets */,
			);
			path = "Preview Content";
			sourceTree = "<group>";
		};
		29B1467A2628FDEA00B64133 /* Hacker NewsTests */ = {
			isa = PBXGroup;
			children = (
				29B1467B2628FDEA00B64133 /* Hacker_NewsTests.swift */,
				29B1467D2628FDEA00B64133 /* Info.plist */,
			);
			path = "Hacker NewsTests";
			sourceTree = "<group>";
		};
		29B146852628FDEB00B64133 /* Hacker NewsUITests */ = {
			isa = PBXGroup;
			children = (
				29B146862628FDEB00B64133 /* Hacker_NewsUITests.swift */,
				29B146882628FDEB00B64133 /* Info.plist */,
			);
			path = "Hacker NewsUITests";
			sourceTree = "<group>";
		};
/* End PBXGroup section */

/* Begin PBXNativeTarget section */
		29B146602628FDE900B64133 /* Hacker News */ = {
			isa = PBXNativeTarget;
			buildConfigurationList = 29B1468B2628FDEB00B64133 /* Build configuration list for PBXNativeTarget "Hacker News" */;
			buildPhases = (
				29B1465D2628FDE900B64133 /* Sources */,
				29B1465E2628FDE900B64133 /* Frameworks */,
				29B1465F2628FDE900B64133 /* Resources */,
			);
			buildRules = (
			);
			dependencies = (
			);
			name = "Hacker News";
			productName = "Hacker News";
			productReference = 29B146612628FDE900B64133 /* Hacker News.app */;
			productType = "com.apple.product-type.application";
		};
		29B146762628FDEA00B64133 /* Hacker NewsTests */ = {
			isa = PBXNativeTarget;
			buildConfigurationList = 29B1468E2628FDEB00B64133 /* Build configuration list for PBXNativeTarget "Hacker NewsTests" */;
			buildPhases = (
				29B146732628FDEA00B64133 /* Sources */,
				29B146742628FDEA00B64133 /* Frameworks */,
				29B146752628FDEA00B64133 /* Resources */,
			);
			buildRules = (
			);
			dependencies = (
				29B146792628FDEA00B64133 /* PBXTargetDependency */,
			);
			name = "Hacker NewsTests";
			productName = "Hacker NewsTests";
			productReference = 29B146772628FDEA00B64133 /* Hacker NewsTests.xctest */;
			productType = "com.apple.product-type.bundle.unit-test";
		};
		29B146812628FDEA00B64133 /* Hacker NewsUITests */ = {
			isa = PBXNativeTarget;
			buildConfigurationList = 29B146912628FDEB00B64133 /* Build configuration list for PBXNativeTarget "Hacker NewsUITests" */;
			buildPhases = (
				29B1467E2628FDEA00B64133 /* Sources */,
				29B1467F2628FDEA00B64133 /* Frameworks */,
				29B146802628FDEA00B64133 /* Resources */,
			);
			buildRules = (
			);
			dependencies = (
				29B146842628FDEA00B64133 /* PBXTargetDependency */,
			);
			name = "Hacker NewsUITests";
			productName = "Hacker NewsUITests";
			productReference = 29B146822628FDEA00B64133 /* Hacker NewsUITests.xctest */;
			productType = "com.apple.product-type.bundle.ui-testing";
		};
/* End PBXNativeTarget section */

/* Begin PBXProject section */
		29B146592628FDE900B64133 /* Project object */ = {
			isa = PBXProject;
			attributes = {
				LastSwiftUpdateCheck = 1240;
				LastUpgradeCheck = 1240;
				TargetAttributes = {
					29B146602628FDE900B64133 = {
						CreatedOnToolsVersion = 12.4;
					};
					29B146762628FDEA00B64133 = {
						CreatedOnToolsVersion = 12.4;
						TestTargetID = 29B146602628FDE900B64133;
					};
					29B146812628FDEA00B64133 = {
						CreatedOnToolsVersion = 12.4;
						TestTargetID = 29B146602628FDE900B64133;
					};
				};
			};
			buildConfigurationList = 29B1465C2628FDE900B64133 /* Build configuration list for PBXProject "Hacker News" */;
			compatibilityVersion = "Xcode 9.3";
			developmentRegion = en;
			hasScannedForEncodings = 0;
			knownRegions = (
				en,
				Base,
			);
			mainGroup = 29B146582628FDE900B64133;
			productRefGroup = 29B146622628FDE900B64133 /* Products */;
			projectDirPath = "";
			projectRoot = "";
			targets = (
				29B146602628FDE900B64133 /* Hacker News */,
				29B146762628FDEA00B64133 /* Hacker NewsTests */,
				29B146812628FDEA00B64133 /* Hacker NewsUITests */,
			);
		};
/* End PBXProject section */

/* Begin PBXResourcesBuildPhase section */
		29B1465F2628FDE900B64133 /* Resources */ = {
			isa = PBXResourcesBuildPhase;
			buildActionMask = 2147483647;
			files = (
				29B146712628FDEA00B64133 /* LaunchScreen.storyboard in Resources */,
				29B1466E2628FDEA00B64133 /* Preview Assets.xcassets in Resources */,
				29B1466B2628FDEA00B64133 /* Assets.xcassets in Resources */,
			);
			runOnlyForDeploymentPostprocessing = 0;
		};
		29B146752628FDEA00B64133 /* Resources */ = {
			isa = PBXResourcesBuildPhase;
			buildActionMask = 2147483647;
			files = (
			);
			runOnlyForDeploymentPostprocessing = 0;
		};
		29B146802628FDEA00B64133 /* Resources */ = {
			isa = PBXResourcesBuildPhase;
			buildActionMask = 2147483647;
			files = (
			);
			runOnlyForDeploymentPostprocessing = 0;
		};
/* End PBXResourcesBuildPhase section */

/* Begin PBXSourcesBuildPhase section */
		29B1465D2628FDE900B64133 /* Sources */ = {
			isa = PBXSourcesBuildPhase;
			buildActionMask = 2147483647;
			files = (
				29B146652628FDE900B64133 /* AppDelegate.swift in Sources */,
				29B146672628FDE900B64133 /* SceneDelegate.swift in Sources */,
				29B146692628FDE900B64133 /* ContentView.swift in Sources */,
			);
			runOnlyForDeploymentPostprocessing = 0;
		};
		29B146732628FDEA00B64133 /* Sources */ = {
			isa = PBXSourcesBuildPhase;
			buildActionMask = 2147483647;
			files = (
				29B1467C2628FDEA00B64133 /* Hacker_NewsTests.swift in Sources */,
			);
			runOnlyForDeploymentPostprocessing = 0;
		};
		29B1467E2628FDEA00B64133 /* Sources */ = {
			isa = PBXSourcesBuildPhase;
			buildActionMask = 2147483647;
			files = (
				29B146872628FDEB00B64133 /* Hacker_NewsUITests.swift in Sources */,
			);
			runOnlyForDeploymentPostprocessing = 0;
		};
/* End PBXSourcesBuildPhase section */

/* Begin PBXTargetDependency section */
		29B146792628FDEA00B64133 /* PBXTargetDependency */ = {
			isa = PBXTargetDependency;
			target = 29B146602628FDE900B64133 /* Hacker News */;
			targetProxy = 29B146782628FDEA00B64133 /* PBXContainerItemProxy */;
		};
		29B146842628FDEA00B64133 /* PBXTargetDependency */ = {
			isa = PBXTargetDependency;
			target = 29B146602628FDE900B64133 /* Hacker News */;
			targetProxy = 29B146832628FDEA00B64133 /* PBXContainerItemProxy */;
		};
/* End PBXTargetDependency section */

/* Begin PBXVariantGroup section */
		29B1466F2628FDEA00B64133 /* LaunchScreen.storyboard */ = {
			isa = PBXVariantGroup;
			children = (
				29B146702628FDEA00B64133 /* Base */,
			);
			name = LaunchScreen.storyboard;
			sourceTree = "<group>";
		};
/* End PBXVariantGroup section */

/* Begin XCBuildConfiguration section */
		29B146892628FDEB00B64133 /* Debug */ = {
			isa = XCBuildConfiguration;
			buildSettings = {
				ALWAYS_SEARCH_USER_PATHS = NO;
				CLANG_ANALYZER_NONNULL = YES;
				CLANG_ANALYZER_NUMBER_OBJECT_CONVERSION = YES_AGGRESSIVE;
				CLANG_CXX_LANGUAGE_STANDARD = "gnu++14";
				CLANG_CXX_LIBRARY = "libc++";
				CLANG_ENABLE_MODULES = YES;
				CLANG_ENABLE_OBJC_ARC = YES;
				CLANG_ENABLE_OBJC_WEAK = YES;
				CLANG_WARN_BLOCK_CAPTURE_AUTORELEASING = YES;
				CLANG_WARN_BOOL_CONVERSION = YES;
				CLANG_WARN_COMMA = YES;
				CLANG_WARN_CONSTANT_CONVERSION = YES;
				CLANG_WARN_DEPRECATED_OBJC_IMPLEMENTATIONS = YES;
				CLANG_WARN_DIRECT_OBJC_ISA_USAGE = YES_ERROR;
				CLANG_WARN_DOCUMENTATION_COMMENTS = YES;
				CLANG_WARN_EMPTY_BODY = YES;
				CLANG_WARN_ENUM_CONVERSION = YES;
				CLANG_WARN_INFINITE_RECURSION = YES;
				CLANG_WARN_INT_CONVERSION = YES;
				CLANG_WARN_NON_LITERAL_NULL_CONVERSION = YES;
				CLANG_WARN_OBJC_IMPLICIT_RETAIN_SELF = YES;
				CLANG_WARN_OBJC_LITERAL_CONVERSION = YES;
				CLANG_WARN_OBJC_ROOT_CLASS = YES_ERROR;
				CLANG_WARN_QUOTED_INCLUDE_IN_FRAMEWORK_HEADER = YES;
				CLANG_WARN_RANGE_LOOP_ANALYSIS = YES;
				CLANG_WARN_STRICT_PROTOTYPES = YES;
				CLANG_WARN_SUSPICIOUS_MOVE = YES;
				CLANG_WARN_UNGUARDED_AVAILABILITY = YES_AGGRESSIVE;
				CLANG_WARN_UNREACHABLE_CODE = YES;
				CLANG_WARN__DUPLICATE_METHOD_MATCH = YES;
				COPY_PHASE_STRIP = NO;
				DEBUG_INFORMATION_FORMAT = dwarf;
				ENABLE_STRICT_OBJC_MSGSEND = YES;
				ENABLE_TESTABILITY = YES;
				GCC_C_LANGUAGE_STANDARD = gnu11;
				GCC_DYNAMIC_NO_PIC = NO;
				GCC_NO_COMMON_BLOCKS = YES;
				GCC_OPTIMIZATION_LEVEL = 0;
				GCC_PREPROCESSOR_DEFINITIONS = (
					"DEBUG=1",
					"$(inherited)",
				);
				GCC_WARN_64_TO_32_BIT_CONVERSION = YES;
				GCC_WARN_ABOUT_RETURN_TYPE = YES_ERROR;
				GCC_WARN_UNDECLARED_SELECTOR = YES;
				GCC_WARN_UNINITIALIZED_AUTOS = YES_AGGRESSIVE;
				GCC_WARN_UNUSED_FUNCTION = YES;
				GCC_WARN_UNUSED_VARIABLE = YES;
				IPHONEOS_DEPLOYMENT_TARGET = 14.4;
				MTL_ENABLE_DEBUG_INFO = INCLUDE_SOURCE;
				MTL_FAST_MATH = YES;
				ONLY_ACTIVE_ARCH = YES;
				SDKROOT = iphoneos;
				SWIFT_ACTIVE_COMPILATION_CONDITIONS = DEBUG;
				SWIFT_OPTIMIZATION_LEVEL = "-Onone";
			};
			name = Debug;
		};
		29B1468A2628FDEB00B64133 /* Release */ = {
			isa = XCBuildConfiguration;
			buildSettings = {
				ALWAYS_SEARCH_USER_PATHS = NO;
				CLANG_ANALYZER_NONNULL = YES;
				CLANG_ANALYZER_NUMBER_OBJECT_CONVERSION = YES_AGGRESSIVE;
				CLANG_CXX_LANGUAGE_STANDARD = "gnu++14";
				CLANG_CXX_LIBRARY = "libc++";
				CLANG_ENABLE_MODULES = YES;
				CLANG_ENABLE_OBJC_ARC = YES;
				CLANG_ENABLE_OBJC_WEAK = YES;
				CLANG_WARN_BLOCK_CAPTURE_AUTORELEASING = YES;
				CLANG_WARN_BOOL_CONVERSION = YES;
				CLANG_WARN_COMMA = YES;
				CLANG_WARN_CONSTANT_CONVERSION = YES;
				CLANG_WARN_DEPRECATED_OBJC_IMPLEMENTATIONS = YES;
				CLANG_WARN_DIRECT_OBJC_ISA_USAGE = YES_ERROR;
				CLANG_WARN_DOCUMENTATION_COMMENTS = YES;
				CLANG_WARN_EMPTY_BODY = YES;
				CLANG_WARN_ENUM_CONVERSION = YES;
				CLANG_WARN_INFINITE_RECURSION = YES;
				CLANG_WARN_INT_CONVERSION = YES;
				CLANG_WARN_NON_LITERAL_NULL_CONVERSION = YES;
				CLANG_WARN_OBJC_IMPLICIT_RETAIN_SELF = YES;
				CLANG_WARN_OBJC_LITERAL_CONVERSION = YES;
				CLANG_WARN_OBJC_ROOT_CLASS = YES_ERROR;
				CLANG_WARN_QUOTED_INCLUDE_IN_FRAMEWORK_HEADER = YES;
				CLANG_WARN_RANGE_LOOP_ANALYSIS = YES;
				CLANG_WARN_STRICT_PROTOTYPES = YES;
				CLANG_WARN_SUSPICIOUS_MOVE = YES;
				CLANG_WARN_UNGUARDED_AVAILABILITY = YES_AGGRESSIVE;
				CLANG_WARN_UNREACHABLE_CODE = YES;
				CLANG_WARN__DUPLICATE_METHOD_MATCH = YES;
				COPY_PHASE_STRIP = NO;
				DEBUG_INFORMATION_FORMAT = "dwarf-with-dsym";
				ENABLE_NS_ASSERTIONS = NO;
				ENABLE_STRICT_OBJC_MSGSEND = YES;
				GCC_C_LANGUAGE_STANDARD = gnu11;
				GCC_NO_COMMON_BLOCKS = YES;
				GCC_WARN_64_TO_32_BIT_CONVERSION = YES;
				GCC_WARN_ABOUT_RETURN_TYPE = YES_ERROR;
				GCC_WARN_UNDECLARED_SELECTOR = YES;
				GCC_WARN_UNINITIALIZED_AUTOS = YES_AGGRESSIVE;
				GCC_WARN_UNUSED_FUNCTION = YES;
				GCC_WARN_UNUSED_VARIABLE = YES;
				IPHONEOS_DEPLOYMENT_TARGET = 14.4;
				MTL_ENABLE_DEBUG_INFO = NO;
				MTL_FAST_MATH = YES;
				SDKROOT = iphoneos;
				SWIFT_COMPILATION_MODE = wholemodule;
				SWIFT_OPTIMIZATION_LEVEL = "-O";
				VALIDATE_PRODUCT = YES;
			};
			name = Release;
		};
		29B1468C2628FDEB00B64133 /* Debug */ = {
			isa = XCBuildConfiguration;
			buildSettings = {
				ASSETCATALOG_COMPILER_APPICON_NAME = AppIcon;
				ASSETCATALOG_COMPILER_GLOBAL_ACCENT_COLOR_NAME = AccentColor;
				CODE_SIGN_STYLE = Automatic;
				DEVELOPMENT_ASSET_PATHS = "\"Hacker News/Preview Content\"";
				ENABLE_PREVIEWS = YES;
				INFOPLIST_FILE = "Hacker News/Info.plist";
				LD_RUNPATH_SEARCH_PATHS = (
					"$(inherited)",
					"@executable_path/Frameworks",
				);
				PRODUCT_BUNDLE_IDENTIFIER = "co.llamastudios.Hacker-News";
				PRODUCT_NAME = "$(TARGET_NAME)";
				SWIFT_VERSION = 5.0;
				TARGETED_DEVICE_FAMILY = "1,2";
			};
			name = Debug;
		};
		29B1468D2628FDEB00B64133 /* Release */ = {
			isa = XCBuildConfiguration;
			buildSettings = {
				ASSETCATALOG_COMPILER_APPICON_NAME = AppIcon;
				ASSETCATALOG_COMPILER_GLOBAL_ACCENT_COLOR_NAME = AccentColor;
				CODE_SIGN_STYLE = Automatic;
				DEVELOPMENT_ASSET_PATHS = "\"Hacker News/Preview Content\"";
				ENABLE_PREVIEWS = YES;
				INFOPLIST_FILE = "Hacker News/Info.plist";
				LD_RUNPATH_SEARCH_PATHS = (
					"$(inherited)",
					"@executable_path/Frameworks",
				);
				PRODUCT_BUNDLE_IDENTIFIER = "co.llamastudios.Hacker-News";
				PRODUCT_NAME = "$(TARGET_NAME)";
				SWIFT_VERSION = 5.0;
				TARGETED_DEVICE_FAMILY = "1,2";
			};
			name = Release;
		};
		29B1468F2628FDEB00B64133 /* Debug */ = {
			isa = XCBuildConfiguration;
			buildSettings = {
				ALWAYS_EMBED_SWIFT_STANDARD_LIBRARIES = YES;
				BUNDLE_LOADER = "$(TEST_HOST)";
				CODE_SIGN_STYLE = Automatic;
				INFOPLIST_FILE = "Hacker NewsTests/Info.plist";
				IPHONEOS_DEPLOYMENT_TARGET = 14.4;
				LD_RUNPATH_SEARCH_PATHS = (
					"$(inherited)",
					"@executable_path/Frameworks",
					"@loader_path/Frameworks",
				);
				PRODUCT_BUNDLE_IDENTIFIER = "co.llamastudios.Hacker-NewsTests";
				PRODUCT_NAME = "$(TARGET_NAME)";
				SWIFT_VERSION = 5.0;
				TARGETED_DEVICE_FAMILY = "1,2";
				TEST_HOST = "$(BUILT_PRODUCTS_DIR)/Hacker News.app/Hacker News";
			};
			name = Debug;
		};
		29B146902628FDEB00B64133 /* Release */ = {
			isa = XCBuildConfiguration;
			buildSettings = {
				ALWAYS_EMBED_SWIFT_STANDARD_LIBRARIES = YES;
				BUNDLE_LOADER = "$(TEST_HOST)";
				CODE_SIGN_STYLE = Automatic;
				INFOPLIST_FILE = "Hacker NewsTests/Info.plist";
				IPHONEOS_DEPLOYMENT_TARGET = 14.4;
				LD_RUNPATH_SEARCH_PATHS = (
					"$(inherited)",
					"@executable_path/Frameworks",
					"@loader_path/Frameworks",
				);
				PRODUCT_BUNDLE_IDENTIFIER = "co.llamastudios.Hacker-NewsTests";
				PRODUCT_NAME = "$(TARGET_NAME)";
				SWIFT_VERSION = 5.0;
				TARGETED_DEVICE_FAMILY = "1,2";
				TEST_HOST = "$(BUILT_PRODUCTS_DIR)/Hacker News.app/Hacker News";
			};
			name = Release;
		};
		29B146922628FDEB00B64133 /* Debug */ = {
			isa = XCBuildConfiguration;
			buildSettings = {
				ALWAYS_EMBED_SWIFT_STANDARD_LIBRARIES = YES;
				CODE_SIGN_STYLE = Automatic;
				INFOPLIST_FILE = "Hacker NewsUITests/Info.plist";
				LD_RUNPATH_SEARCH_PATHS = (
					"$(inherited)",
					"@executable_path/Frameworks",
					"@loader_path/Frameworks",
				);
				PRODUCT_BUNDLE_IDENTIFIER = "co.llamastudios.Hacker-NewsUITests";
				PRODUCT_NAME = "$(TARGET_NAME)";
				SWIFT_VERSION = 5.0;
				TARGETED_DEVICE_FAMILY = "1,2";
				TEST_TARGET_NAME = "Hacker News";
			};
			name = Debug;
		};
		29B146932628FDEB00B64133 /* Release */ = {
			isa = XCBuildConfiguration;
			buildSettings = {
				ALWAYS_EMBED_SWIFT_STANDARD_LIBRARIES = YES;
				CODE_SIGN_STYLE = Automatic;
				INFOPLIST_FILE = "Hacker NewsUITests/Info.plist";
				LD_RUNPATH_SEARCH_PATHS = (
					"$(inherited)",
					"@executable_path/Frameworks",
					"@loader_path/Frameworks",
				);
				PRODUCT_BUNDLE_IDENTIFIER = "co.llamastudios.Hacker-NewsUITests";
				PRODUCT_NAME = "$(TARGET_NAME)";
				SWIFT_VERSION = 5.0;
				TARGETED_DEVICE_FAMILY = "1,2";
				TEST_TARGET_NAME = "Hacker News";
			};
			name = Release;
		};
/* End XCBuildConfiguration section */

/* Begin XCConfigurationList section */
		29B1465C2628FDE900B64133 /* Build configuration list for PBXProject "Hacker News" */ = {
			isa = XCConfigurationList;
			buildConfigurations = (
				29B146892628FDEB00B64133 /* Debug */,
				29B1468A2628FDEB00B64133 /* Release */,
			);
			defaultConfigurationIsVisible = 0;
			defaultConfigurationName = Release;
		};
		29B1468B2628FDEB00B64133 /* Build configuration list for PBXNativeTarget "Hacker News" */ = {
			isa = XCConfigurationList;
			buildConfigurations = (
				29B1468C2628FDEB00B64133 /* Debug */,
				29B1468D2628FDEB00B64133 /* Release */,
			);
			defaultConfigurationIsVisible = 0;
			defaultConfigurationName = Release;
		};
		29B1468E2628FDEB00B64133 /* Build configuration list for PBXNativeTarget "Hacker NewsTests" */ = {
			isa = XCConfigurationList;
			buildConfigurations = (
				29B1468F2628FDEB00B64133 /* Debug */,
				29B146902628FDEB00B64133 /* Release */,
			);
			defaultConfigurationIsVisible = 0;
			defaultConfigurationName = Release;
		};
		29B146912628FDEB00B64133 /* Build configuration list for PBXNativeTarget "Hacker NewsUITests" */ = {
			isa = XCConfigurationList;
			buildConfigurations = (
				29B146922628FDEB00B64133 /* Debug */,
				29B146932628FDEB00B64133 /* Release */,
			);
			defaultConfigurationIsVisible = 0;
			defaultConfigurationName = Release;
		};
/* End XCConfigurationList section */
	};
	rootObject = 29B146592628FDE900B64133 /* Project object */;
}
